
Microsoft Visual Studio Solution File, Format Version 12.00
# Visual Studio 2013
VisualStudioVersion = 12.0.30501.0
MinimumVisualStudioVersion = 10.0.40219.1
Project("{F2A71F9B-5D33-465A-A702-920D77279786}") = "SmsApp", "SmsApp\SmsApp\SmsApp.fsproj", "{A5BAA399-B48B-4E81-BAFC-9066B610FAF1}"
EndProject
Project("{2150E333-8FDC-42A3-9474-1A3956D46DE8}") = "Solution Items", "Solution Items", "{1718CC50-74DC-4447-B805-500785EB971A}"
EndProject
Project("{F2A71F9B-5D33-465A-A702-920D77279786}") = "SmsApp.Models", "SmsApp.Models\SmsApp.Models.fsproj", "{ABD71197-95B7-41B0-8B62-901792F6E511}"
EndProject
Project("{F2A71F9B-5D33-465A-A702-920D77279786}") = "SmsApp.ViewModels", "SmsApp.ViewModels\SmsApp.ViewModels.fsproj", "{9A77D18D-184F-476A-A580-6B972995C254}"
EndProject
Global
	GlobalSection(SolutionConfigurationPlatforms) = preSolution
		Debug|Any CPU = Debug|Any CPU
		Debug|Mixed Platforms = Debug|Mixed Platforms
		Debug|x86 = Debug|x86
		Release|Any CPU = Release|Any CPU
		Release|Mixed Platforms = Release|Mixed Platforms
		Release|x86 = Release|x86
	EndGlobalSection
	GlobalSection(ProjectConfigurationPlatforms) = postSolution
		{A5BAA399-B48B-4E81-BAFC-9066B610FAF1}.Debug|Any CPU.ActiveCfg = Debug|x86
		{A5BAA399-B48B-4E81-BAFC-9066B610FAF1}.Debug|Mixed Platforms.ActiveCfg = Debug|x86
		{A5BAA399-B48B-4E81-BAFC-9066B610FAF1}.Debug|Mixed Platforms.Build.0 = Debug|x86
		{A5BAA399-B48B-4E81-BAFC-9066B610FAF1}.Debug|x86.ActiveCfg = Debug|x86
		{A5BAA399-B48B-4E81-BAFC-9066B610FAF1}.Debug|x86.Build.0 = Debug|x86
		{A5BAA399-B48B-4E81-BAFC-9066B610FAF1}.Release|Any CPU.ActiveCfg = Release|x86
		{A5BAA399-B48B-4E81-BAFC-9066B610FAF1}.Release|Mixed Platforms.ActiveCfg = Release|x86
		{A5BAA399-B48B-4E81-BAFC-9066B610FAF1}.Release|Mixed Platforms.Build.0 = Release|x86
		{A5BAA399-B48B-4E81-BAFC-9066B610FAF1}.Release|x86.ActiveCfg = Release|x86
		{A5BAA399-B48B-4E81-BAFC-9066B610FAF1}.Release|x86.Build.0 = Release|x86
		{ABD71197-95B7-41B0-8B62-901792F6E511}.Debug|Any CPU.ActiveCfg = Debug|Any CPU
		{ABD71197-95B7-41B0-8B62-901792F6E511}.Debug|Any CPU.Build.0 = Debug|Any CPU
		{ABD71197-95B7-41B0-8B62-901792F6E511}.Debug|Mixed Platforms.ActiveCfg = Debug|Any CPU
		{ABD71197-95B7-41B0-8B62-901792F6E511}.Debug|Mixed Platforms.Build.0 = Debug|Any CPU
		{ABD71197-95B7-41B0-8B62-901792F6E511}.Debug|x86.ActiveCfg = Debug|Any CPU
		{ABD71197-95B7-41B0-8B62-901792F6E511}.Release|Any CPU.ActiveCfg = Release|Any CPU
		{ABD71197-95B7-41B0-8B62-901792F6E511}.Release|Any CPU.Build.0 = Release|Any CPU
		{ABD71197-95B7-41B0-8B62-901792F6E511}.Release|Mixed Platforms.ActiveCfg = Release|Any CPU
		{ABD71197-95B7-41B0-8B62-901792F6E511}.Release|Mixed Platforms.Build.0 = Release|Any CPU
		{ABD71197-95B7-41B0-8B62-901792F6E511}.Release|x86.ActiveCfg = Release|Any CPU
		{9A77D18D-184F-476A-A580-6B972995C254}.Debug|Any CPU.ActiveCfg = Debug|Any CPU
		{9A77D18D-184F-476A-A580-6B972995C254}.Debug|Any CPU.Build.0 = Debug|Any CPU
		{9A77D18D-184F-476A-A580-6B972995C254}.Debug|Mixed Platforms.ActiveCfg = Debug|Any CPU
		{9A77D18D-184F-476A-A580-6B972995C254}.Debug|Mixed Platforms.Build.0 = Debug|Any CPU
		{9A77D18D-184F-476A-A580-6B972995C254}.Debug|x86.ActiveCfg = Debug|Any CPU
		{9A77D18D-184F-476A-A580-6B972995C254}.Release|Any CPU.ActiveCfg = Release|Any CPU
		{9A77D18D-184F-476A-A580-6B972995C254}.Release|Any CPU.Build.0 = Release|Any CPU
		{9A77D18D-184F-476A-A580-6B972995C254}.Release|Mixed Platforms.ActiveCfg = Release|Any CPU
		{9A77D18D-184F-476A-A580-6B972995C254}.Release|Mixed Platforms.Build.0 = Release|Any CPU
		{9A77D18D-184F-476A-A580-6B972995C254}.Release|x86.ActiveCfg = Release|Any CPU
	EndGlobalSection
	GlobalSection(SolutionProperties) = preSolution
		HideSolutionNode = FALSE
	EndGlobalSection
EndGlobal
